
Microsoft Visual Studio Solution File, Format Version 12.00
# Visual Studio Version 16
VisualStudioVersion = 16.0.29709.97
MinimumVisualStudioVersion = 10.0.40219.1
Project("{FAE04EC0-301F-11D3-BF4B-00C04F79EFBC}") = "UI", "UI\UI.csproj", "{D9B76A1B-94F4-4CA8-AFF8-A64FCE8341C3}"
EndProject
Project("{FAE04EC0-301F-11D3-BF4B-00C04F79EFBC}") = "DAL", "DAL\DAL.csproj", "{D69D2F31-2AAF-4B0A-9340-537211CF9BE7}"
EndProject
Global
	GlobalSection(SolutionConfigurationPlatforms) = preSolution
		Debug|Any CPU = Debug|Any CPU
		Release|Any CPU = Release|Any CPU
	EndGlobalSection
	GlobalSection(ProjectConfigurationPlatforms) = postSolution
		{D9B76A1B-94F4-4CA8-AFF8-A64FCE8341C3}.Debug|Any CPU.ActiveCfg = Debug|Any CPU
		{D9B76A1B-94F4-4CA8-AFF8-A64FCE8341C3}.Debug|Any CPU.Build.0 = Debug|Any CPU
		{D9B76A1B-94F4-4CA8-AFF8-A64FCE8341C3}.Release|Any CPU.ActiveCfg = Release|Any CPU
		{D9B76A1B-94F4-4CA8-AFF8-A64FCE8341C3}.Release|Any CPU.Build.0 = Release|Any CPU
		{D69D2F31-2AAF-4B0A-9340-537211CF9BE7}.Debug|Any CPU.ActiveCfg = Debug|Any CPU
		{D69D2F31-2AAF-4B0A-9340-537211CF9BE7}.Debug|Any CPU.Build.0 = Debug|Any CPU
		{D69D2F31-2AAF-4B0A-9340-537211CF9BE7}.Release|Any CPU.ActiveCfg = Release|Any CPU
		{D69D2F31-2AAF-4B0A-9340-537211CF9BE7}.Release|Any CPU.Build.0 = Release|Any CPU
	EndGlobalSection
	GlobalSection(SolutionProperties) = preSolution
		HideSolutionNode = FALSE
	EndGlobalSection
	GlobalSection(ExtensibilityGlobals) = postSolution
		SolutionGuid = {68AE326F-2908-4829-882E-9FAA04B52C9A}
	EndGlobalSection
EndGlobal
